// !$*UTF8*$!
{
	archiveVersion = 1;
	classes = {
	};
	objectVersion = 55;
	objects = {

/* Begin PBXBuildFile section */
		B51493102852294F001C7CB4 /* Movie+CoreDataClass.swift in Sources */ = {isa = PBXBuildFile; fileRef = B514930E2852294F001C7CB4 /* Movie+CoreDataClass.swift */; };
		B51493112852294F001C7CB4 /* Movie+CoreDataProperties.swift in Sources */ = {isa = PBXBuildFile; fileRef = B514930F2852294F001C7CB4 /* Movie+CoreDataProperties.swift */; };
		B535602D285230700050548A /* Singer+CoreDataClass.swift in Sources */ = {isa = PBXBuildFile; fileRef = B535602B285230700050548A /* Singer+CoreDataClass.swift */; };
		B535602E285230700050548A /* Singer+CoreDataProperties.swift in Sources */ = {isa = PBXBuildFile; fileRef = B535602C285230700050548A /* Singer+CoreDataProperties.swift */; };
		B5356030285231120050548A /* FilteredList.swift in Sources */ = {isa = PBXBuildFile; fileRef = B535602F285231120050548A /* FilteredList.swift */; };
		B5356035285236200050548A /* Candy+CoreDataClass.swift in Sources */ = {isa = PBXBuildFile; fileRef = B5356031285236200050548A /* Candy+CoreDataClass.swift */; };
		B5356036285236200050548A /* Candy+CoreDataProperties.swift in Sources */ = {isa = PBXBuildFile; fileRef = B5356032285236200050548A /* Candy+CoreDataProperties.swift */; };
		B5356037285236200050548A /* Country+CoreDataClass.swift in Sources */ = {isa = PBXBuildFile; fileRef = B5356033285236200050548A /* Country+CoreDataClass.swift */; };
		B5356038285236200050548A /* Country+CoreDataProperties.swift in Sources */ = {isa = PBXBuildFile; fileRef = B5356034285236200050548A /* Country+CoreDataProperties.swift */; };
		B586468A2852263600952DE2 /* CoreDataProjectApp.swift in Sources */ = {isa = PBXBuildFile; fileRef = B58646892852263600952DE2 /* CoreDataProjectApp.swift */; };
		B586468C2852263600952DE2 /* ContentView.swift in Sources */ = {isa = PBXBuildFile; fileRef = B586468B2852263600952DE2 /* ContentView.swift */; };
		B586468E2852263600952DE2 /* Assets.xcassets in Resources */ = {isa = PBXBuildFile; fileRef = B586468D2852263600952DE2 /* Assets.xcassets */; };
		B58646912852263600952DE2 /* Preview Assets.xcassets in Resources */ = {isa = PBXBuildFile; fileRef = B58646902852263600952DE2 /* Preview Assets.xcassets */; };
		B586469B2852269300952DE2 /* CoreDataProject.xcdatamodeld in Sources */ = {isa = PBXBuildFile; fileRef = B58646992852269300952DE2 /* CoreDataProject.xcdatamodeld */; };
		B586469F285226FF00952DE2 /* DataController.swift in Sources */ = {isa = PBXBuildFile; fileRef = B586469E285226FF00952DE2 /* DataController.swift */; };
/* End PBXBuildFile section */

/* Begin PBXFileReference section */
		B514930E2852294F001C7CB4 /* Movie+CoreDataClass.swift */ = {isa = PBXFileReference; lastKnownFileType = sourcecode.swift; path = "Movie+CoreDataClass.swift"; sourceTree = "<group>"; };
		B514930F2852294F001C7CB4 /* Movie+CoreDataProperties.swift */ = {isa = PBXFileReference; lastKnownFileType = sourcecode.swift; path = "Movie+CoreDataProperties.swift"; sourceTree = "<group>"; };
		B535602B285230700050548A /* Singer+CoreDataClass.swift */ = {isa = PBXFileReference; lastKnownFileType = sourcecode.swift; path = "Singer+CoreDataClass.swift"; sourceTree = "<group>"; };
		B535602C285230700050548A /* Singer+CoreDataProperties.swift */ = {isa = PBXFileReference; lastKnownFileType = sourcecode.swift; path = "Singer+CoreDataProperties.swift"; sourceTree = "<group>"; };
		B535602F285231120050548A /* FilteredList.swift */ = {isa = PBXFileReference; lastKnownFileType = sourcecode.swift; path = FilteredList.swift; sourceTree = "<group>"; };
		B5356031285236200050548A /* Candy+CoreDataClass.swift */ = {isa = PBXFileReference; lastKnownFileType = sourcecode.swift; name = "Candy+CoreDataClass.swift"; path = "CoreDataProject/Candy+CoreDataClass.swift"; sourceTree = "<group>"; };
		B5356032285236200050548A /* Candy+CoreDataProperties.swift */ = {isa = PBXFileReference; lastKnownFileType = sourcecode.swift; name = "Candy+CoreDataProperties.swift"; path = "CoreDataProject/Candy+CoreDataProperties.swift"; sourceTree = "<group>"; };
		B5356033285236200050548A /* Country+CoreDataClass.swift */ = {isa = PBXFileReference; lastKnownFileType = sourcecode.swift; name = "Country+CoreDataClass.swift"; path = "CoreDataProject/Country+CoreDataClass.swift"; sourceTree = "<group>"; };
		B5356034285236200050548A /* Country+CoreDataProperties.swift */ = {isa = PBXFileReference; lastKnownFileType = sourcecode.swift; name = "Country+CoreDataProperties.swift"; path = "CoreDataProject/Country+CoreDataProperties.swift"; sourceTree = "<group>"; };
		B58646862852263600952DE2 /* CoreDataProject.app */ = {isa = PBXFileReference; explicitFileType = wrapper.application; includeInIndex = 0; path = CoreDataProject.app; sourceTree = BUILT_PRODUCTS_DIR; };
		B58646892852263600952DE2 /* CoreDataProjectApp.swift */ = {isa = PBXFileReference; lastKnownFileType = sourcecode.swift; path = CoreDataProjectApp.swift; sourceTree = "<group>"; };
		B586468B2852263600952DE2 /* ContentView.swift */ = {isa = PBXFileReference; lastKnownFileType = sourcecode.swift; path = ContentView.swift; sourceTree = "<group>"; };
		B586468D2852263600952DE2 /* Assets.xcassets */ = {isa = PBXFileReference; lastKnownFileType = folder.assetcatalog; path = Assets.xcassets; sourceTree = "<group>"; };
		B58646902852263600952DE2 /* Preview Assets.xcassets */ = {isa = PBXFileReference; lastKnownFileType = folder.assetcatalog; path = "Preview Assets.xcassets"; sourceTree = "<group>"; };
		B586469A2852269300952DE2 /* CoreDataProject.xcdatamodel */ = {isa = PBXFileReference; lastKnownFileType = wrapper.xcdatamodel; path = CoreDataProject.xcdatamodel; sourceTree = "<group>"; };
		B586469E285226FF00952DE2 /* DataController.swift */ = {isa = PBXFileReference; lastKnownFileType = sourcecode.swift; path = DataController.swift; sourceTree = "<group>"; };
/* End PBXFileReference section */

/* Begin PBXFrameworksBuildPhase section */
		B58646832852263600952DE2 /* Frameworks */ = {
			isa = PBXFrameworksBuildPhase;
			buildActionMask = 2147483647;
			files = (
			);
			runOnlyForDeploymentPostprocessing = 0;
		};
/* End PBXFrameworksBuildPhase section */

/* Begin PBXGroup section */
		B586467D2852263600952DE2 = {
			isa = PBXGroup;
			children = (
				B5356031285236200050548A /* Candy+CoreDataClass.swift */,
				B5356033285236200050548A /* Country+CoreDataClass.swift */,
				B5356032285236200050548A /* Candy+CoreDataProperties.swift */,
				B5356034285236200050548A /* Country+CoreDataProperties.swift */,
				B58646882852263600952DE2 /* CoreDataProject */,
				B58646872852263600952DE2 /* Products */,
			);
			sourceTree = "<group>";
		};
		B58646872852263600952DE2 /* Products */ = {
			isa = PBXGroup;
			children = (
				B58646862852263600952DE2 /* CoreDataProject.app */,
			);
			name = Products;
			sourceTree = "<group>";
		};
		B58646882852263600952DE2 /* CoreDataProject */ = {
			isa = PBXGroup;
			children = (
				B535602B285230700050548A /* Singer+CoreDataClass.swift */,
				B535602C285230700050548A /* Singer+CoreDataProperties.swift */,
				B514930E2852294F001C7CB4 /* Movie+CoreDataClass.swift */,
				B514930F2852294F001C7CB4 /* Movie+CoreDataProperties.swift */,
				B58646892852263600952DE2 /* CoreDataProjectApp.swift */,
				B586468B2852263600952DE2 /* ContentView.swift */,
				B535602F285231120050548A /* FilteredList.swift */,
				B586469E285226FF00952DE2 /* DataController.swift */,
				B58646992852269300952DE2 /* CoreDataProject.xcdatamodeld */,
				B586468D2852263600952DE2 /* Assets.xcassets */,
				B586468F2852263600952DE2 /* Preview Content */,
			);
			path = CoreDataProject;
			sourceTree = "<group>";
		};
		B586468F2852263600952DE2 /* Preview Content */ = {
			isa = PBXGroup;
			children = (
				B58646902852263600952DE2 /* Preview Assets.xcassets */,
			);
			path = "Preview Content";
			sourceTree = "<group>";
		};
/* End PBXGroup section */

/* Begin PBXNativeTarget section */
		B58646852852263600952DE2 /* CoreDataProject */ = {
			isa = PBXNativeTarget;
			buildConfigurationList = B58646942852263600952DE2 /* Build configuration list for PBXNativeTarget "CoreDataProject" */;
			buildPhases = (
				B58646822852263600952DE2 /* Sources */,
				B58646832852263600952DE2 /* Frameworks */,
				B58646842852263600952DE2 /* Resources */,
			);
			buildRules = (
			);
			dependencies = (
			);
			name = CoreDataProject;
			productName = CoreDataProject;
			productReference = B58646862852263600952DE2 /* CoreDataProject.app */;
			productType = "com.apple.product-type.application";
		};
/* End PBXNativeTarget section */

/* Begin PBXProject section */
		B586467E2852263600952DE2 /* Project object */ = {
			isa = PBXProject;
			attributes = {
				BuildIndependentTargetsInParallel = 1;
				LastSwiftUpdateCheck = 1330;
				LastUpgradeCheck = 1330;
				TargetAttributes = {
					B58646852852263600952DE2 = {
						CreatedOnToolsVersion = 13.3;
					};
				};
			};
			buildConfigurationList = B58646812852263600952DE2 /* Build configuration list for PBXProject "CoreDataProject" */;
			compatibilityVersion = "Xcode 13.0";
			developmentRegion = en;
			hasScannedForEncodings = 0;
			knownRegions = (
				en,
				Base,
			);
			mainGroup = B586467D2852263600952DE2;
			productRefGroup = B58646872852263600952DE2 /* Products */;
			projectDirPath = "";
			projectRoot = "";
			targets = (
				B58646852852263600952DE2 /* CoreDataProject */,
			);
		};
/* End PBXProject section */

/* Begin PBXResourcesBuildPhase section */
		B58646842852263600952DE2 /* Resources */ = {
			isa = PBXResourcesBuildPhase;
			buildActionMask = 2147483647;
			files = (
				B58646912852263600952DE2 /* Preview Assets.xcassets in Resources */,
				B586468E2852263600952DE2 /* Assets.xcassets in Resources */,
			);
			runOnlyForDeploymentPostprocessing = 0;
		};
/* End PBXResourcesBuildPhase section */

/* Begin PBXSourcesBuildPhase section */
		B58646822852263600952DE2 /* Sources */ = {
			isa = PBXSourcesBuildPhase;
			buildActionMask = 2147483647;
			files = (
				B535602D285230700050548A /* Singer+CoreDataClass.swift in Sources */,
				B5356035285236200050548A /* Candy+CoreDataClass.swift in Sources */,
				B5356038285236200050548A /* Country+CoreDataProperties.swift in Sources */,
				B5356037285236200050548A /* Country+CoreDataClass.swift in Sources */,
				B5356036285236200050548A /* Candy+CoreDataProperties.swift in Sources */,
				B586468C2852263600952DE2 /* ContentView.swift in Sources */,
				B5356030285231120050548A /* FilteredList.swift in Sources */,
				B586469F285226FF00952DE2 /* DataController.swift in Sources */,
				B586469B2852269300952DE2 /* CoreDataProject.xcdatamodeld in Sources */,
				B51493102852294F001C7CB4 /* Movie+CoreDataClass.swift in Sources */,
				B535602E285230700050548A /* Singer+CoreDataProperties.swift in Sources */,
				B51493112852294F001C7CB4 /* Movie+CoreDataProperties.swift in Sources */,
				B586468A2852263600952DE2 /* CoreDataProjectApp.swift in Sources */,
			);
			runOnlyForDeploymentPostprocessing = 0;
		};
/* End PBXSourcesBuildPhase section */

/* Begin XCBuildConfiguration section */
		B58646922852263600952DE2 /* Debug */ = {
			isa = XCBuildConfiguration;
			buildSettings = {
				ALWAYS_SEARCH_USER_PATHS = NO;
				CLANG_ANALYZER_NONNULL = YES;
				CLANG_ANALYZER_NUMBER_OBJECT_CONVERSION = YES_AGGRESSIVE;
				CLANG_CXX_LANGUAGE_STANDARD = "gnu++17";
				CLANG_ENABLE_MODULES = YES;
				CLANG_ENABLE_OBJC_ARC = YES;
				CLANG_ENABLE_OBJC_WEAK = YES;
				CLANG_WARN_BLOCK_CAPTURE_AUTORELEASING = YES;
				CLANG_WARN_BOOL_CONVERSION = YES;
				CLANG_WARN_COMMA = YES;
				CLANG_WARN_CONSTANT_CONVERSION = YES;
				CLANG_WARN_DEPRECATED_OBJC_IMPLEMENTATIONS = YES;
				CLANG_WARN_DIRECT_OBJC_ISA_USAGE = YES_ERROR;
				CLANG_WARN_DOCUMENTATION_COMMENTS = YES;
				CLANG_WARN_EMPTY_BODY = YES;
				CLANG_WARN_ENUM_CONVERSION = YES;
				CLANG_WARN_INFINITE_RECURSION = YES;
				CLANG_WARN_INT_CONVERSION = YES;
				CLANG_WARN_NON_LITERAL_NULL_CONVERSION = YES;
				CLANG_WARN_OBJC_IMPLICIT_RETAIN_SELF = YES;
				CLANG_WARN_OBJC_LITERAL_CONVERSION = YES;
				CLANG_WARN_OBJC_ROOT_CLASS = YES_ERROR;
				CLANG_WARN_QUOTED_INCLUDE_IN_FRAMEWORK_HEADER = YES;
				CLANG_WARN_RANGE_LOOP_ANALYSIS = YES;
				CLANG_WARN_STRICT_PROTOTYPES = YES;
				CLANG_WARN_SUSPICIOUS_MOVE = YES;
				CLANG_WARN_UNGUARDED_AVAILABILITY = YES_AGGRESSIVE;
				CLANG_WARN_UNREACHABLE_CODE = YES;
				CLANG_WARN__DUPLICATE_METHOD_MATCH = YES;
				COPY_PHASE_STRIP = NO;
				DEBUG_INFORMATION_FORMAT = dwarf;
				ENABLE_STRICT_OBJC_MSGSEND = YES;
				ENABLE_TESTABILITY = YES;
				GCC_C_LANGUAGE_STANDARD = gnu11;
				GCC_DYNAMIC_NO_PIC = NO;
				GCC_NO_COMMON_BLOCKS = YES;
				GCC_OPTIMIZATION_LEVEL = 0;
				GCC_PREPROCESSOR_DEFINITIONS = (
					"DEBUG=1",
					"$(inherited)",
				);
				GCC_WARN_64_TO_32_BIT_CONVERSION = YES;
				GCC_WARN_ABOUT_RETURN_TYPE = YES_ERROR;
				GCC_WARN_UNDECLARED_SELECTOR = YES;
				GCC_WARN_UNINITIALIZED_AUTOS = YES_AGGRESSIVE;
				GCC_WARN_UNUSED_FUNCTION = YES;
				GCC_WARN_UNUSED_VARIABLE = YES;
				IPHONEOS_DEPLOYMENT_TARGET = 15.4;
				MTL_ENABLE_DEBUG_INFO = INCLUDE_SOURCE;
				MTL_FAST_MATH = YES;
				ONLY_ACTIVE_ARCH = YES;
				SDKROOT = iphoneos;
				SWIFT_ACTIVE_COMPILATION_CONDITIONS = DEBUG;
				SWIFT_OPTIMIZATION_LEVEL = "-Onone";
			};
			name = Debug;
		};
		B58646932852263600952DE2 /* Release */ = {
			isa = XCBuildConfiguration;
			buildSettings = {
				ALWAYS_SEARCH_USER_PATHS = NO;
				CLANG_ANALYZER_NONNULL = YES;
				CLANG_ANALYZER_NUMBER_OBJECT_CONVERSION = YES_AGGRESSIVE;
				CLANG_CXX_LANGUAGE_STANDARD = "gnu++17";
				CLANG_ENABLE_MODULES = YES;
				CLANG_ENABLE_OBJC_ARC = YES;
				CLANG_ENABLE_OBJC_WEAK = YES;
				CLANG_WARN_BLOCK_CAPTURE_AUTORELEASING = YES;
				CLANG_WARN_BOOL_CONVERSION = YES;
				CLANG_WARN_COMMA = YES;
				CLANG_WARN_CONSTANT_CONVERSION = YES;
				CLANG_WARN_DEPRECATED_OBJC_IMPLEMENTATIONS = YES;
				CLANG_WARN_DIRECT_OBJC_ISA_USAGE = YES_ERROR;
				CLANG_WARN_DOCUMENTATION_COMMENTS = YES;
				CLANG_WARN_EMPTY_BODY = YES;
				CLANG_WARN_ENUM_CONVERSION = YES;
				CLANG_WARN_INFINITE_RECURSION = YES;
				CLANG_WARN_INT_CONVERSION = YES;
				CLANG_WARN_NON_LITERAL_NULL_CONVERSION = YES;
				CLANG_WARN_OBJC_IMPLICIT_RETAIN_SELF = YES;
				CLANG_WARN_OBJC_LITERAL_CONVERSION = YES;
				CLANG_WARN_OBJC_ROOT_CLASS = YES_ERROR;
				CLANG_WARN_QUOTED_INCLUDE_IN_FRAMEWORK_HEADER = YES;
				CLANG_WARN_RANGE_LOOP_ANALYSIS = YES;
				CLANG_WARN_STRICT_PROTOTYPES = YES;
				CLANG_WARN_SUSPICIOUS_MOVE = YES;
				CLANG_WARN_UNGUARDED_AVAILABILITY = YES_AGGRESSIVE;
				CLANG_WARN_UNREACHABLE_CODE = YES;
				CLANG_WARN__DUPLICATE_METHOD_MATCH = YES;
				COPY_PHASE_STRIP = NO;
				DEBUG_INFORMATION_FORMAT = "dwarf-with-dsym";
				ENABLE_NS_ASSERTIONS = NO;
				ENABLE_STRICT_OBJC_MSGSEND = YES;
				GCC_C_LANGUAGE_STANDARD = gnu11;
				GCC_NO_COMMON_BLOCKS = YES;
				GCC_WARN_64_TO_32_BIT_CONVERSION = YES;
				GCC_WARN_ABOUT_RETURN_TYPE = YES_ERROR;
				GCC_WARN_UNDECLARED_SELECTOR = YES;
				GCC_WARN_UNINITIALIZED_AUTOS = YES_AGGRESSIVE;
				GCC_WARN_UNUSED_FUNCTION = YES;
				GCC_WARN_UNUSED_VARIABLE = YES;
				IPHONEOS_DEPLOYMENT_TARGET = 15.4;
				MTL_ENABLE_DEBUG_INFO = NO;
				MTL_FAST_MATH = YES;
				SDKROOT = iphoneos;
				SWIFT_COMPILATION_MODE = wholemodule;
				SWIFT_OPTIMIZATION_LEVEL = "-O";
				VALIDATE_PRODUCT = YES;
			};
			name = Release;
		};
		B58646952852263600952DE2 /* Debug */ = {
			isa = XCBuildConfiguration;
			buildSettings = {
				ASSETCATALOG_COMPILER_APPICON_NAME = AppIcon;
				ASSETCATALOG_COMPILER_GLOBAL_ACCENT_COLOR_NAME = AccentColor;
				CODE_SIGN_STYLE = Automatic;
				CURRENT_PROJECT_VERSION = 1;
				DEVELOPMENT_ASSET_PATHS = "\"CoreDataProject/Preview Content\"";
				DEVELOPMENT_TEAM = V352R4M2J4;
				ENABLE_PREVIEWS = YES;
				GENERATE_INFOPLIST_FILE = YES;
				INFOPLIST_KEY_UIApplicationSceneManifest_Generation = YES;
				INFOPLIST_KEY_UIApplicationSupportsIndirectInputEvents = YES;
				INFOPLIST_KEY_UILaunchScreen_Generation = YES;
				INFOPLIST_KEY_UISupportedInterfaceOrientations_iPad = "UIInterfaceOrientationPortrait UIInterfaceOrientationPortraitUpsideDown UIInterfaceOrientationLandscapeLeft UIInterfaceOrientationLandscapeRight";
				INFOPLIST_KEY_UISupportedInterfaceOrientations_iPhone = "UIInterfaceOrientationPortrait UIInterfaceOrientationLandscapeLeft UIInterfaceOrientationLandscapeRight";
				LD_RUNPATH_SEARCH_PATHS = (
					"$(inherited)",
					"@executable_path/Frameworks",
				);
				MARKETING_VERSION = 1.0;
				PRODUCT_BUNDLE_IDENTIFIER = pavel.CoreDataProject;
				PRODUCT_NAME = "$(TARGET_NAME)";
				SWIFT_EMIT_LOC_STRINGS = YES;
				SWIFT_VERSION = 5.0;
				TARGETED_DEVICE_FAMILY = "1,2";
			};
			name = Debug;
		};
		B58646962852263600952DE2 /* Release */ = {
			isa = XCBuildConfiguration;
			buildSettings = {
				ASSETCATALOG_COMPILER_APPICON_NAME = AppIcon;
				ASSETCATALOG_COMPILER_GLOBAL_ACCENT_COLOR_NAME = AccentColor;
				CODE_SIGN_STYLE = Automatic;
				CURRENT_PROJECT_VERSION = 1;
				DEVELOPMENT_ASSET_PATHS = "\"CoreDataProject/Preview Content\"";
				DEVELOPMENT_TEAM = V352R4M2J4;
				ENABLE_PREVIEWS = YES;
				GENERATE_INFOPLIST_FILE = YES;
				INFOPLIST_KEY_UIApplicationSceneManifest_Generation = YES;
				INFOPLIST_KEY_UIApplicationSupportsIndirectInputEvents = YES;
				INFOPLIST_KEY_UILaunchScreen_Generation = YES;
				INFOPLIST_KEY_UISupportedInterfaceOrientations_iPad = "UIInterfaceOrientationPortrait UIInterfaceOrientationPortraitUpsideDown UIInterfaceOrientationLandscapeLeft UIInterfaceOrientationLandscapeRight";
				INFOPLIST_KEY_UISupportedInterfaceOrientations_iPhone = "UIInterfaceOrientationPortrait UIInterfaceOrientationLandscapeLeft UIInterfaceOrientationLandscapeRight";
				LD_RUNPATH_SEARCH_PATHS = (
					"$(inherited)",
					"@executable_path/Frameworks",
				);
				MARKETING_VERSION = 1.0;
				PRODUCT_BUNDLE_IDENTIFIER = pavel.CoreDataProject;
				PRODUCT_NAME = "$(TARGET_NAME)";
				SWIFT_EMIT_LOC_STRINGS = YES;
				SWIFT_VERSION = 5.0;
				TARGETED_DEVICE_FAMILY = "1,2";
			};
			name = Release;
		};
/* End XCBuildConfiguration section */

/* Begin XCConfigurationList section */
		B58646812852263600952DE2 /* Build configuration list for PBXProject "CoreDataProject" */ = {
			isa = XCConfigurationList;
			buildConfigurations = (
				B58646922852263600952DE2 /* Debug */,
				B58646932852263600952DE2 /* Release */,
			);
			defaultConfigurationIsVisible = 0;
			defaultConfigurationName = Release;
		};
		B58646942852263600952DE2 /* Build configuration list for PBXNativeTarget "CoreDataProject" */ = {
			isa = XCConfigurationList;
			buildConfigurations = (
				B58646952852263600952DE2 /* Debug */,
				B58646962852263600952DE2 /* Release */,
			);
			defaultConfigurationIsVisible = 0;
			defaultConfigurationName = Release;
		};
/* End XCConfigurationList section */

/* Begin XCVersionGroup section */
		B58646992852269300952DE2 /* CoreDataProject.xcdatamodeld */ = {
			isa = XCVersionGroup;
			children = (
				B586469A2852269300952DE2 /* CoreDataProject.xcdatamodel */,
			);
			currentVersion = B586469A2852269300952DE2 /* CoreDataProject.xcdatamodel */;
			path = CoreDataProject.xcdatamodeld;
			sourceTree = "<group>";
			versionGroupType = wrapper.xcdatamodel;
		};
/* End XCVersionGroup section */
	};
	rootObject = B586467E2852263600952DE2 /* Project object */;
}
